
Microsoft Visual Studio Solution File, Format Version 12.00
# Visual Studio Version 17
VisualStudioVersion = 17.0.32126.317
MinimumVisualStudioVersion = 10.0.40219.1
Project("{FAE04EC0-301F-11D3-BF4B-00C04F79EFBC}") = "FunctionApp_Test1", "FunctionApp_Test1\FunctionApp_Test1.csproj", "{93C7326E-F404-44D6-916A-F4A936036E43}"
EndProject
Global
	GlobalSection(SolutionConfigurationPlatforms) = preSolution
		Debug|Any CPU = Debug|Any CPU
		Release|Any CPU = Release|Any CPU
	EndGlobalSection
	GlobalSection(ProjectConfigurationPlatforms) = postSolution
		{93C7326E-F404-44D6-916A-F4A936036E43}.Debug|Any CPU.ActiveCfg = Debug|Any CPU
		{93C7326E-F404-44D6-916A-F4A936036E43}.Debug|Any CPU.Build.0 = Debug|Any CPU
		{93C7326E-F404-44D6-916A-F4A936036E43}.Release|Any CPU.ActiveCfg = Release|Any CPU
		{93C7326E-F404-44D6-916A-F4A936036E43}.Release|Any CPU.Build.0 = Release|Any CPU
	EndGlobalSection
	GlobalSection(SolutionProperties) = preSolution
		HideSolutionNode = FALSE
	EndGlobalSection
	GlobalSection(ExtensibilityGlobals) = postSolution
		SolutionGuid = {A0E2593A-6C35-42C2-8210-FAC99E201ED8}
	EndGlobalSection
EndGlobal
